// !$*UTF8*$!
{
	archiveVersion = 1;
	classes = {
	};
	objectVersion = 51;
	objects = {

/* Begin PBXBuildFile section */
		20576E3E24C6BAC300F54865 /* ReviewViewController.swift in Sources */ = {isa = PBXBuildFile; fileRef = 20576E3D24C6BAC300F54865 /* ReviewViewController.swift */; };
		20576E4024C6BBDE00F54865 /* TopGamesRouter.swift in Sources */ = {isa = PBXBuildFile; fileRef = 20576E3F24C6BBDE00F54865 /* TopGamesRouter.swift */; };
		20EBB14624C69E73006AEBE5 /* AppDelegate.swift in Sources */ = {isa = PBXBuildFile; fileRef = 20EBB14524C69E73006AEBE5 /* AppDelegate.swift */; };
		20EBB14A24C69E73006AEBE5 /* TopGamesViewController.swift in Sources */ = {isa = PBXBuildFile; fileRef = 20EBB14924C69E73006AEBE5 /* TopGamesViewController.swift */; };
		20EBB14F24C69E76006AEBE5 /* Assets.xcassets in Resources */ = {isa = PBXBuildFile; fileRef = 20EBB14E24C69E76006AEBE5 /* Assets.xcassets */; };
		20EBB15224C69E76006AEBE5 /* LaunchScreen.storyboard in Resources */ = {isa = PBXBuildFile; fileRef = 20EBB15024C69E76006AEBE5 /* LaunchScreen.storyboard */; };
		20EBB15A24C6A0A3006AEBE5 /* Protocols.swift in Sources */ = {isa = PBXBuildFile; fileRef = 20EBB15924C6A0A3006AEBE5 /* Protocols.swift */; };
		20EBB15E24C6A33B006AEBE5 /* AppFramework.swift in Sources */ = {isa = PBXBuildFile; fileRef = 20EBB15D24C6A33B006AEBE5 /* AppFramework.swift */; };
		20EBB16024C6A38E006AEBE5 /* TopGamesDIPart.swift in Sources */ = {isa = PBXBuildFile; fileRef = 20EBB15F24C6A38E006AEBE5 /* TopGamesDIPart.swift */; };
		20EBB16224C6A3EC006AEBE5 /* TopGamesPresenter.swift in Sources */ = {isa = PBXBuildFile; fileRef = 20EBB16124C6A3EC006AEBE5 /* TopGamesPresenter.swift */; };
		20EBB16524C6A55D006AEBE5 /* DatabaseManager.swift in Sources */ = {isa = PBXBuildFile; fileRef = 20EBB16424C6A55D006AEBE5 /* DatabaseManager.swift */; };
		20EBB16824C6A596006AEBE5 /* RealmGame.swift in Sources */ = {isa = PBXBuildFile; fileRef = 20EBB16724C6A596006AEBE5 /* RealmGame.swift */; };
		20EBB16A24C6A5FA006AEBE5 /* Game.swift in Sources */ = {isa = PBXBuildFile; fileRef = 20EBB16924C6A5FA006AEBE5 /* Game.swift */; };
		20EBB16D24C6A713006AEBE5 /* HTTPClient.swift in Sources */ = {isa = PBXBuildFile; fileRef = 20EBB16C24C6A713006AEBE5 /* HTTPClient.swift */; };
		20EBB16F24C6A756006AEBE5 /* TwitchAPI.swift in Sources */ = {isa = PBXBuildFile; fileRef = 20EBB16E24C6A756006AEBE5 /* TwitchAPI.swift */; };
		20EBB17424C6AD05006AEBE5 /* GameCell.swift in Sources */ = {isa = PBXBuildFile; fileRef = 20EBB17324C6AD05006AEBE5 /* GameCell.swift */; };
		20FEFBD224C6BF93009343B0 /* AppReview.swift in Sources */ = {isa = PBXBuildFile; fileRef = 20FEFBD124C6BF93009343B0 /* AppReview.swift */; };
		E05A10CC909DAB267FB66623 /* Pods_TwitchTopGames.framework in Frameworks */ = {isa = PBXBuildFile; fileRef = E013DC1AA5AEBD927CB27F3D /* Pods_TwitchTopGames.framework */; };
/* End PBXBuildFile section */

/* Begin PBXFileReference section */
		20576E3D24C6BAC300F54865 /* ReviewViewController.swift */ = {isa = PBXFileReference; lastKnownFileType = sourcecode.swift; path = ReviewViewController.swift; sourceTree = "<group>"; };
		20576E3F24C6BBDE00F54865 /* TopGamesRouter.swift */ = {isa = PBXFileReference; lastKnownFileType = sourcecode.swift; path = TopGamesRouter.swift; sourceTree = "<group>"; };
		20EBB14224C69E73006AEBE5 /* TwitchTopGames.app */ = {isa = PBXFileReference; explicitFileType = wrapper.application; includeInIndex = 0; path = TwitchTopGames.app; sourceTree = BUILT_PRODUCTS_DIR; };
		20EBB14524C69E73006AEBE5 /* AppDelegate.swift */ = {isa = PBXFileReference; lastKnownFileType = sourcecode.swift; path = AppDelegate.swift; sourceTree = "<group>"; };
		20EBB14924C69E73006AEBE5 /* TopGamesViewController.swift */ = {isa = PBXFileReference; lastKnownFileType = sourcecode.swift; path = TopGamesViewController.swift; sourceTree = "<group>"; };
		20EBB14E24C69E76006AEBE5 /* Assets.xcassets */ = {isa = PBXFileReference; lastKnownFileType = folder.assetcatalog; path = Assets.xcassets; sourceTree = "<group>"; };
		20EBB15124C69E76006AEBE5 /* Base */ = {isa = PBXFileReference; lastKnownFileType = file.storyboard; name = Base; path = Base.lproj/LaunchScreen.storyboard; sourceTree = "<group>"; };
		20EBB15324C69E76006AEBE5 /* Info.plist */ = {isa = PBXFileReference; lastKnownFileType = text.plist.xml; path = Info.plist; sourceTree = "<group>"; };
		20EBB15924C6A0A3006AEBE5 /* Protocols.swift */ = {isa = PBXFileReference; lastKnownFileType = sourcecode.swift; path = Protocols.swift; sourceTree = "<group>"; };
		20EBB15D24C6A33B006AEBE5 /* AppFramework.swift */ = {isa = PBXFileReference; lastKnownFileType = sourcecode.swift; path = AppFramework.swift; sourceTree = "<group>"; };
		20EBB15F24C6A38E006AEBE5 /* TopGamesDIPart.swift */ = {isa = PBXFileReference; lastKnownFileType = sourcecode.swift; path = TopGamesDIPart.swift; sourceTree = "<group>"; };
		20EBB16124C6A3EC006AEBE5 /* TopGamesPresenter.swift */ = {isa = PBXFileReference; lastKnownFileType = sourcecode.swift; path = TopGamesPresenter.swift; sourceTree = "<group>"; };
		20EBB16424C6A55D006AEBE5 /* DatabaseManager.swift */ = {isa = PBXFileReference; lastKnownFileType = sourcecode.swift; path = DatabaseManager.swift; sourceTree = "<group>"; };
		20EBB16724C6A596006AEBE5 /* RealmGame.swift */ = {isa = PBXFileReference; lastKnownFileType = sourcecode.swift; path = RealmGame.swift; sourceTree = "<group>"; };
		20EBB16924C6A5FA006AEBE5 /* Game.swift */ = {isa = PBXFileReference; lastKnownFileType = sourcecode.swift; path = Game.swift; sourceTree = "<group>"; };
		20EBB16C24C6A713006AEBE5 /* HTTPClient.swift */ = {isa = PBXFileReference; lastKnownFileType = sourcecode.swift; path = HTTPClient.swift; sourceTree = "<group>"; };
		20EBB16E24C6A756006AEBE5 /* TwitchAPI.swift */ = {isa = PBXFileReference; lastKnownFileType = sourcecode.swift; path = TwitchAPI.swift; sourceTree = "<group>"; };
		20EBB17324C6AD05006AEBE5 /* GameCell.swift */ = {isa = PBXFileReference; lastKnownFileType = sourcecode.swift; path = GameCell.swift; sourceTree = "<group>"; };
		20FEFBD124C6BF93009343B0 /* AppReview.swift */ = {isa = PBXFileReference; lastKnownFileType = sourcecode.swift; path = AppReview.swift; sourceTree = "<group>"; };
		4E72F42672DB45F05EF4B393 /* Pods-TwitchTopGames.release.xcconfig */ = {isa = PBXFileReference; includeInIndex = 1; lastKnownFileType = text.xcconfig; name = "Pods-TwitchTopGames.release.xcconfig"; path = "Target Support Files/Pods-TwitchTopGames/Pods-TwitchTopGames.release.xcconfig"; sourceTree = "<group>"; };
		97992165971844A115895F73 /* Pods-TwitchTopGames.debug.xcconfig */ = {isa = PBXFileReference; includeInIndex = 1; lastKnownFileType = text.xcconfig; name = "Pods-TwitchTopGames.debug.xcconfig"; path = "Target Support Files/Pods-TwitchTopGames/Pods-TwitchTopGames.debug.xcconfig"; sourceTree = "<group>"; };
		E013DC1AA5AEBD927CB27F3D /* Pods_TwitchTopGames.framework */ = {isa = PBXFileReference; explicitFileType = wrapper.framework; includeInIndex = 0; path = Pods_TwitchTopGames.framework; sourceTree = BUILT_PRODUCTS_DIR; };
/* End PBXFileReference section */

/* Begin PBXFrameworksBuildPhase section */
		20EBB13F24C69E73006AEBE5 /* Frameworks */ = {
			isa = PBXFrameworksBuildPhase;
			buildActionMask = 2147483647;
			files = (
				E05A10CC909DAB267FB66623 /* Pods_TwitchTopGames.framework in Frameworks */,
			);
			runOnlyForDeploymentPostprocessing = 0;
		};
/* End PBXFrameworksBuildPhase section */

/* Begin PBXGroup section */
		20CC684924C6C3C4007B7A4F /* Review */ = {
			isa = PBXGroup;
			children = (
				20576E3D24C6BAC300F54865 /* ReviewViewController.swift */,
			);
			path = Review;
			sourceTree = "<group>";
		};
		20EBB13924C69E73006AEBE5 = {
			isa = PBXGroup;
			children = (
				20EBB14424C69E73006AEBE5 /* TwitchTopGames */,
				20EBB14324C69E73006AEBE5 /* Products */,
				BE36BEFE5E7E7FED81C207C3 /* Pods */,
				557D91DB784026D1242950AB /* Frameworks */,
			);
			sourceTree = "<group>";
		};
		20EBB14324C69E73006AEBE5 /* Products */ = {
			isa = PBXGroup;
			children = (
				20EBB14224C69E73006AEBE5 /* TwitchTopGames.app */,
			);
			name = Products;
			sourceTree = "<group>";
		};
		20EBB14424C69E73006AEBE5 /* TwitchTopGames */ = {
			isa = PBXGroup;
			children = (
				20EBB15324C69E76006AEBE5 /* Info.plist */,
				20EBB15924C6A0A3006AEBE5 /* Protocols.swift */,
				20EBB15B24C6A2D7006AEBE5 /* Recources */,
				20EBB15C24C6A333006AEBE5 /* DI */,
				20EBB16B24C6A70B006AEBE5 /* Network */,
				20EBB16624C6A58A006AEBE5 /* Model */,
				20EBB16324C6A551006AEBE5 /* Persistance */,
				20EBB17124C6ACDF006AEBE5 /* TopGames */,
				20CC684924C6C3C4007B7A4F /* Review */,
			);
			path = TwitchTopGames;
			sourceTree = "<group>";
		};
		20EBB15B24C6A2D7006AEBE5 /* Recources */ = {
			isa = PBXGroup;
			children = (
				20EBB14524C69E73006AEBE5 /* AppDelegate.swift */,
				20EBB14E24C69E76006AEBE5 /* Assets.xcassets */,
				20EBB15024C69E76006AEBE5 /* LaunchScreen.storyboard */,
			);
			path = Recources;
			sourceTree = "<group>";
		};
		20EBB15C24C6A333006AEBE5 /* DI */ = {
			isa = PBXGroup;
			children = (
				20EBB15D24C6A33B006AEBE5 /* AppFramework.swift */,
				20EBB15F24C6A38E006AEBE5 /* TopGamesDIPart.swift */,
			);
			path = DI;
			sourceTree = "<group>";
		};
		20EBB16324C6A551006AEBE5 /* Persistance */ = {
			isa = PBXGroup;
			children = (
				20EBB16424C6A55D006AEBE5 /* DatabaseManager.swift */,
			);
			path = Persistance;
			sourceTree = "<group>";
		};
		20EBB16624C6A58A006AEBE5 /* Model */ = {
			isa = PBXGroup;
			children = (
				20EBB16724C6A596006AEBE5 /* RealmGame.swift */,
				20EBB16924C6A5FA006AEBE5 /* Game.swift */,
				20FEFBD124C6BF93009343B0 /* AppReview.swift */,
			);
			path = Model;
			sourceTree = "<group>";
		};
		20EBB16B24C6A70B006AEBE5 /* Network */ = {
			isa = PBXGroup;
			children = (
				20EBB16C24C6A713006AEBE5 /* HTTPClient.swift */,
				20EBB16E24C6A756006AEBE5 /* TwitchAPI.swift */,
			);
			path = Network;
			sourceTree = "<group>";
		};
		20EBB17124C6ACDF006AEBE5 /* TopGames */ = {
			isa = PBXGroup;
			children = (
				20EBB17224C6ACEC006AEBE5 /* Subviews */,
				20EBB14924C69E73006AEBE5 /* TopGamesViewController.swift */,
				20EBB16124C6A3EC006AEBE5 /* TopGamesPresenter.swift */,
				20576E3F24C6BBDE00F54865 /* TopGamesRouter.swift */,
			);
			path = TopGames;
			sourceTree = "<group>";
		};
		20EBB17224C6ACEC006AEBE5 /* Subviews */ = {
			isa = PBXGroup;
			children = (
				20EBB17324C6AD05006AEBE5 /* GameCell.swift */,
			);
			path = Subviews;
			sourceTree = "<group>";
		};
		557D91DB784026D1242950AB /* Frameworks */ = {
			isa = PBXGroup;
			children = (
				E013DC1AA5AEBD927CB27F3D /* Pods_TwitchTopGames.framework */,
			);
			name = Frameworks;
			sourceTree = "<group>";
		};
		BE36BEFE5E7E7FED81C207C3 /* Pods */ = {
			isa = PBXGroup;
			children = (
				97992165971844A115895F73 /* Pods-TwitchTopGames.debug.xcconfig */,
				4E72F42672DB45F05EF4B393 /* Pods-TwitchTopGames.release.xcconfig */,
			);
			path = Pods;
			sourceTree = "<group>";
		};
/* End PBXGroup section */

/* Begin PBXNativeTarget section */
		20EBB14124C69E73006AEBE5 /* TwitchTopGames */ = {
			isa = PBXNativeTarget;
			buildConfigurationList = 20EBB15624C69E76006AEBE5 /* Build configuration list for PBXNativeTarget "TwitchTopGames" */;
			buildPhases = (
				10E5A32A0F45B10C6ADA4CE3 /* [CP] Check Pods Manifest.lock */,
				20EBB13E24C69E73006AEBE5 /* Sources */,
				20EBB13F24C69E73006AEBE5 /* Frameworks */,
				20EBB14024C69E73006AEBE5 /* Resources */,
				41E210CF4AE9E24FE544CAB0 /* [CP] Embed Pods Frameworks */,
			);
			buildRules = (
			);
			dependencies = (
			);
			name = TwitchTopGames;
			productName = TwitchTopGames;
			productReference = 20EBB14224C69E73006AEBE5 /* TwitchTopGames.app */;
			productType = "com.apple.product-type.application";
		};
/* End PBXNativeTarget section */

/* Begin PBXProject section */
		20EBB13A24C69E73006AEBE5 /* Project object */ = {
			isa = PBXProject;
			attributes = {
				LastSwiftUpdateCheck = 1150;
				LastUpgradeCheck = 1150;
				ORGANIZATIONNAME = "Alexander Team";
				TargetAttributes = {
					20EBB14124C69E73006AEBE5 = {
						CreatedOnToolsVersion = 11.5;
					};
				};
			};
			buildConfigurationList = 20EBB13D24C69E73006AEBE5 /* Build configuration list for PBXProject "TwitchTopGames" */;
			compatibilityVersion = "Xcode 9.3";
			developmentRegion = en;
			hasScannedForEncodings = 0;
			knownRegions = (
				en,
				Base,
			);
			mainGroup = 20EBB13924C69E73006AEBE5;
			productRefGroup = 20EBB14324C69E73006AEBE5 /* Products */;
			projectDirPath = "";
			projectRoot = "";
			targets = (
				20EBB14124C69E73006AEBE5 /* TwitchTopGames */,
			);
		};
/* End PBXProject section */

/* Begin PBXResourcesBuildPhase section */
		20EBB14024C69E73006AEBE5 /* Resources */ = {
			isa = PBXResourcesBuildPhase;
			buildActionMask = 2147483647;
			files = (
				20EBB15224C69E76006AEBE5 /* LaunchScreen.storyboard in Resources */,
				20EBB14F24C69E76006AEBE5 /* Assets.xcassets in Resources */,
			);
			runOnlyForDeploymentPostprocessing = 0;
		};
/* End PBXResourcesBuildPhase section */

/* Begin PBXShellScriptBuildPhase section */
		10E5A32A0F45B10C6ADA4CE3 /* [CP] Check Pods Manifest.lock */ = {
			isa = PBXShellScriptBuildPhase;
			buildActionMask = 2147483647;
			files = (
			);
			inputFileListPaths = (
			);
			inputPaths = (
				"${PODS_PODFILE_DIR_PATH}/Podfile.lock",
				"${PODS_ROOT}/Manifest.lock",
			);
			name = "[CP] Check Pods Manifest.lock";
			outputFileListPaths = (
			);
			outputPaths = (
				"$(DERIVED_FILE_DIR)/Pods-TwitchTopGames-checkManifestLockResult.txt",
			);
			runOnlyForDeploymentPostprocessing = 0;
			shellPath = /bin/sh;
			shellScript = "diff \"${PODS_PODFILE_DIR_PATH}/Podfile.lock\" \"${PODS_ROOT}/Manifest.lock\" > /dev/null\nif [ $? != 0 ] ; then\n    # print error to STDERR\n    echo \"error: The sandbox is not in sync with the Podfile.lock. Run 'pod install' or update your CocoaPods installation.\" >&2\n    exit 1\nfi\n# This output is used by Xcode 'outputs' to avoid re-running this script phase.\necho \"SUCCESS\" > \"${SCRIPT_OUTPUT_FILE_0}\"\n";
			showEnvVarsInLog = 0;
		};
		41E210CF4AE9E24FE544CAB0 /* [CP] Embed Pods Frameworks */ = {
			isa = PBXShellScriptBuildPhase;
			buildActionMask = 2147483647;
			files = (
			);
			inputFileListPaths = (
				"${PODS_ROOT}/Target Support Files/Pods-TwitchTopGames/Pods-TwitchTopGames-frameworks-${CONFIGURATION}-input-files.xcfilelist",
			);
			name = "[CP] Embed Pods Frameworks";
			outputFileListPaths = (
				"${PODS_ROOT}/Target Support Files/Pods-TwitchTopGames/Pods-TwitchTopGames-frameworks-${CONFIGURATION}-output-files.xcfilelist",
			);
			runOnlyForDeploymentPostprocessing = 0;
			shellPath = /bin/sh;
			shellScript = "\"${PODS_ROOT}/Target Support Files/Pods-TwitchTopGames/Pods-TwitchTopGames-frameworks.sh\"\n";
			showEnvVarsInLog = 0;
		};
/* End PBXShellScriptBuildPhase section */

/* Begin PBXSourcesBuildPhase section */
		20EBB13E24C69E73006AEBE5 /* Sources */ = {
			isa = PBXSourcesBuildPhase;
			buildActionMask = 2147483647;
			files = (
				20576E4024C6BBDE00F54865 /* TopGamesRouter.swift in Sources */,
				20EBB15E24C6A33B006AEBE5 /* AppFramework.swift in Sources */,
				20EBB16A24C6A5FA006AEBE5 /* Game.swift in Sources */,
				20EBB15A24C6A0A3006AEBE5 /* Protocols.swift in Sources */,
				20EBB14A24C69E73006AEBE5 /* TopGamesViewController.swift in Sources */,
				20FEFBD224C6BF93009343B0 /* AppReview.swift in Sources */,
				20EBB14624C69E73006AEBE5 /* AppDelegate.swift in Sources */,
				20EBB16F24C6A756006AEBE5 /* TwitchAPI.swift in Sources */,
				20EBB16224C6A3EC006AEBE5 /* TopGamesPresenter.swift in Sources */,
				20576E3E24C6BAC300F54865 /* ReviewViewController.swift in Sources */,
				20EBB17424C6AD05006AEBE5 /* GameCell.swift in Sources */,
				20EBB16D24C6A713006AEBE5 /* HTTPClient.swift in Sources */,
				20EBB16824C6A596006AEBE5 /* RealmGame.swift in Sources */,
				20EBB16024C6A38E006AEBE5 /* TopGamesDIPart.swift in Sources */,
				20EBB16524C6A55D006AEBE5 /* DatabaseManager.swift in Sources */,
			);
			runOnlyForDeploymentPostprocessing = 0;
		};
/* End PBXSourcesBuildPhase section */

/* Begin PBXVariantGroup section */
		20EBB15024C69E76006AEBE5 /* LaunchScreen.storyboard */ = {
			isa = PBXVariantGroup;
			children = (
				20EBB15124C69E76006AEBE5 /* Base */,
			);
			name = LaunchScreen.storyboard;
			sourceTree = "<group>";
		};
/* End PBXVariantGroup section */

/* Begin XCBuildConfiguration section */
		20EBB15424C69E76006AEBE5 /* Debug */ = {
			isa = XCBuildConfiguration;
			buildSettings = {
				ALWAYS_SEARCH_USER_PATHS = NO;
				CLANG_ANALYZER_NONNULL = YES;
				CLANG_ANALYZER_NUMBER_OBJECT_CONVERSION = YES_AGGRESSIVE;
				CLANG_CXX_LANGUAGE_STANDARD = "gnu++14";
				CLANG_CXX_LIBRARY = "libc++";
				CLANG_ENABLE_MODULES = YES;
				CLANG_ENABLE_OBJC_ARC = YES;
				CLANG_ENABLE_OBJC_WEAK = YES;
				CLANG_WARN_BLOCK_CAPTURE_AUTORELEASING = YES;
				CLANG_WARN_BOOL_CONVERSION = YES;
				CLANG_WARN_COMMA = YES;
				CLANG_WARN_CONSTANT_CONVERSION = YES;
				CLANG_WARN_DEPRECATED_OBJC_IMPLEMENTATIONS = YES;
				CLANG_WARN_DIRECT_OBJC_ISA_USAGE = YES_ERROR;
				CLANG_WARN_DOCUMENTATION_COMMENTS = YES;
				CLANG_WARN_EMPTY_BODY = YES;
				CLANG_WARN_ENUM_CONVERSION = YES;
				CLANG_WARN_INFINITE_RECURSION = YES;
				CLANG_WARN_INT_CONVERSION = YES;
				CLANG_WARN_NON_LITERAL_NULL_CONVERSION = YES;
				CLANG_WARN_OBJC_IMPLICIT_RETAIN_SELF = YES;
				CLANG_WARN_OBJC_LITERAL_CONVERSION = YES;
				CLANG_WARN_OBJC_ROOT_CLASS = YES_ERROR;
				CLANG_WARN_RANGE_LOOP_ANALYSIS = YES;
				CLANG_WARN_STRICT_PROTOTYPES = YES;
				CLANG_WARN_SUSPICIOUS_MOVE = YES;
				CLANG_WARN_UNGUARDED_AVAILABILITY = YES_AGGRESSIVE;
				CLANG_WARN_UNREACHABLE_CODE = YES;
				CLANG_WARN__DUPLICATE_METHOD_MATCH = YES;
				COPY_PHASE_STRIP = NO;
				DEBUG_INFORMATION_FORMAT = dwarf;
				ENABLE_STRICT_OBJC_MSGSEND = YES;
				ENABLE_TESTABILITY = YES;
				GCC_C_LANGUAGE_STANDARD = gnu11;
				GCC_DYNAMIC_NO_PIC = NO;
				GCC_NO_COMMON_BLOCKS = YES;
				GCC_OPTIMIZATION_LEVEL = 0;
				GCC_PREPROCESSOR_DEFINITIONS = (
					"DEBUG=1",
					"$(inherited)",
				);
				GCC_WARN_64_TO_32_BIT_CONVERSION = YES;
				GCC_WARN_ABOUT_RETURN_TYPE = YES_ERROR;
				GCC_WARN_UNDECLARED_SELECTOR = YES;
				GCC_WARN_UNINITIALIZED_AUTOS = YES_AGGRESSIVE;
				GCC_WARN_UNUSED_FUNCTION = YES;
				GCC_WARN_UNUSED_VARIABLE = YES;
				IPHONEOS_DEPLOYMENT_TARGET = 13.5;
				MTL_ENABLE_DEBUG_INFO = INCLUDE_SOURCE;
				MTL_FAST_MATH = YES;
				ONLY_ACTIVE_ARCH = YES;
				SDKROOT = iphoneos;
				SWIFT_ACTIVE_COMPILATION_CONDITIONS = DEBUG;
				SWIFT_OPTIMIZATION_LEVEL = "-Onone";
			};
			name = Debug;
		};
		20EBB15524C69E76006AEBE5 /* Release */ = {
			isa = XCBuildConfiguration;
			buildSettings = {
				ALWAYS_SEARCH_USER_PATHS = NO;
				CLANG_ANALYZER_NONNULL = YES;
				CLANG_ANALYZER_NUMBER_OBJECT_CONVERSION = YES_AGGRESSIVE;
				CLANG_CXX_LANGUAGE_STANDARD = "gnu++14";
				CLANG_CXX_LIBRARY = "libc++";
				CLANG_ENABLE_MODULES = YES;
				CLANG_ENABLE_OBJC_ARC = YES;
				CLANG_ENABLE_OBJC_WEAK = YES;
				CLANG_WARN_BLOCK_CAPTURE_AUTORELEASING = YES;
				CLANG_WARN_BOOL_CONVERSION = YES;
				CLANG_WARN_COMMA = YES;
				CLANG_WARN_CONSTANT_CONVERSION = YES;
				CLANG_WARN_DEPRECATED_OBJC_IMPLEMENTATIONS = YES;
				CLANG_WARN_DIRECT_OBJC_ISA_USAGE = YES_ERROR;
				CLANG_WARN_DOCUMENTATION_COMMENTS = YES;
				CLANG_WARN_EMPTY_BODY = YES;
				CLANG_WARN_ENUM_CONVERSION = YES;
				CLANG_WARN_INFINITE_RECURSION = YES;
				CLANG_WARN_INT_CONVERSION = YES;
				CLANG_WARN_NON_LITERAL_NULL_CONVERSION = YES;
				CLANG_WARN_OBJC_IMPLICIT_RETAIN_SELF = YES;
				CLANG_WARN_OBJC_LITERAL_CONVERSION = YES;
				CLANG_WARN_OBJC_ROOT_CLASS = YES_ERROR;
				CLANG_WARN_RANGE_LOOP_ANALYSIS = YES;
				CLANG_WARN_STRICT_PROTOTYPES = YES;
				CLANG_WARN_SUSPICIOUS_MOVE = YES;
				CLANG_WARN_UNGUARDED_AVAILABILITY = YES_AGGRESSIVE;
				CLANG_WARN_UNREACHABLE_CODE = YES;
				CLANG_WARN__DUPLICATE_METHOD_MATCH = YES;
				COPY_PHASE_STRIP = NO;
				DEBUG_INFORMATION_FORMAT = "dwarf-with-dsym";
				ENABLE_NS_ASSERTIONS = NO;
				ENABLE_STRICT_OBJC_MSGSEND = YES;
				GCC_C_LANGUAGE_STANDARD = gnu11;
				GCC_NO_COMMON_BLOCKS = YES;
				GCC_WARN_64_TO_32_BIT_CONVERSION = YES;
				GCC_WARN_ABOUT_RETURN_TYPE = YES_ERROR;
				GCC_WARN_UNDECLARED_SELECTOR = YES;
				GCC_WARN_UNINITIALIZED_AUTOS = YES_AGGRESSIVE;
				GCC_WARN_UNUSED_FUNCTION = YES;
				GCC_WARN_UNUSED_VARIABLE = YES;
				IPHONEOS_DEPLOYMENT_TARGET = 13.5;
				MTL_ENABLE_DEBUG_INFO = NO;
				MTL_FAST_MATH = YES;
				SDKROOT = iphoneos;
				SWIFT_COMPILATION_MODE = wholemodule;
				SWIFT_OPTIMIZATION_LEVEL = "-O";
				VALIDATE_PRODUCT = YES;
			};
			name = Release;
		};
		20EBB15724C69E76006AEBE5 /* Debug */ = {
			isa = XCBuildConfiguration;
			baseConfigurationReference = 97992165971844A115895F73 /* Pods-TwitchTopGames.debug.xcconfig */;
			buildSettings = {
				ASSETCATALOG_COMPILER_APPICON_NAME = AppIcon;
				CODE_SIGN_STYLE = Automatic;
				DEVELOPMENT_TEAM = E8W748977J;
				INFOPLIST_FILE = TwitchTopGames/Info.plist;
				LD_RUNPATH_SEARCH_PATHS = (
					"$(inherited)",
					"@executable_path/Frameworks",
				);
				PRODUCT_BUNDLE_IDENTIFIER = com.esuba.TwitchTopGames;
				PRODUCT_NAME = "$(TARGET_NAME)";
				SWIFT_VERSION = 5.0;
				TARGETED_DEVICE_FAMILY = 1;
			};
			name = Debug;
		};
		20EBB15824C69E76006AEBE5 /* Release */ = {
			isa = XCBuildConfiguration;
			baseConfigurationReference = 4E72F42672DB45F05EF4B393 /* Pods-TwitchTopGames.release.xcconfig */;
			buildSettings = {
				ASSETCATALOG_COMPILER_APPICON_NAME = AppIcon;
				CODE_SIGN_STYLE = Automatic;
				DEVELOPMENT_TEAM = E8W748977J;
				INFOPLIST_FILE = TwitchTopGames/Info.plist;
				LD_RUNPATH_SEARCH_PATHS = (
					"$(inherited)",
					"@executable_path/Frameworks",
				);
				PRODUCT_BUNDLE_IDENTIFIER = com.esuba.TwitchTopGames;
				PRODUCT_NAME = "$(TARGET_NAME)";
				SWIFT_VERSION = 5.0;
				TARGETED_DEVICE_FAMILY = 1;
			};
			name = Release;
		};
/* End XCBuildConfiguration section */

/* Begin XCConfigurationList section */
		20EBB13D24C69E73006AEBE5 /* Build configuration list for PBXProject "TwitchTopGames" */ = {
			isa = XCConfigurationList;
			buildConfigurations = (
				20EBB15424C69E76006AEBE5 /* Debug */,
				20EBB15524C69E76006AEBE5 /* Release */,
			);
			defaultConfigurationIsVisible = 0;
			defaultConfigurationName = Release;
		};
		20EBB15624C69E76006AEBE5 /* Build configuration list for PBXNativeTarget "TwitchTopGames" */ = {
			isa = XCConfigurationList;
			buildConfigurations = (
				20EBB15724C69E76006AEBE5 /* Debug */,
				20EBB15824C69E76006AEBE5 /* Release */,
			);
			defaultConfigurationIsVisible = 0;
			defaultConfigurationName = Release;
		};
/* End XCConfigurationList section */
	};
	rootObject = 20EBB13A24C69E73006AEBE5 /* Project object */;
}
